// !$*UTF8*$!
{
	archiveVersion = 1;
	classes = {
	};
	objectVersion = 52;
	objects = {

/* Begin PBXBuildFile section */
		2205F7102672468A00FA4F91 /* Issue.swift in Sources */ = {isa = PBXBuildFile; fileRef = 2205F70F2672468A00FA4F91 /* Issue.swift */; };
		2205F715267247EC00FA4F91 /* IssueLabel.swift in Sources */ = {isa = PBXBuildFile; fileRef = 2205F714267247EC00FA4F91 /* IssueLabel.swift */; };
		2205F72326724DF900FA4F91 /* IssueListDataSource.swift in Sources */ = {isa = PBXBuildFile; fileRef = 2205F72226724DF900FA4F91 /* IssueListDataSource.swift */; };
		2205F7292672504C00FA4F91 /* FilterViewController.swift in Sources */ = {isa = PBXBuildFile; fileRef = 2205F7282672504C00FA4F91 /* FilterViewController.swift */; };
		2205F72F267255E300FA4F91 /* FilterStatus.swift in Sources */ = {isa = PBXBuildFile; fileRef = 2205F72E267255E300FA4F91 /* FilterStatus.swift */; };
		221E95A52679CC29007B7180 /* MilestoneViewController.swift in Sources */ = {isa = PBXBuildFile; fileRef = 221E95A42679CC29007B7180 /* MilestoneViewController.swift */; };
		221E95B12679CCBD007B7180 /* MilestoneDataCenter.swift in Sources */ = {isa = PBXBuildFile; fileRef = 221E95B02679CCBD007B7180 /* MilestoneDataCenter.swift */; };
		221E95B72679CD5A007B7180 /* MilestoneTableViewCell.swift in Sources */ = {isa = PBXBuildFile; fileRef = 221E95B62679CD5A007B7180 /* MilestoneTableViewCell.swift */; };
		22330AC5266F13FD0062B78B /* IssueListViewController.swift in Sources */ = {isa = PBXBuildFile; fileRef = 22330AC4266F13FD0062B78B /* IssueListViewController.swift */; };
		22330ACA266F4BF40062B78B /* IssueListTableViewCell.swift in Sources */ = {isa = PBXBuildFile; fileRef = 22330AC9266F4BF40062B78B /* IssueListTableViewCell.swift */; };
		22330AD3266F58FB0062B78B /* NSObject+ClassNameProtocol.swift in Sources */ = {isa = PBXBuildFile; fileRef = 22330AD2266F58FB0062B78B /* NSObject+ClassNameProtocol.swift */; };
		22330ADB266F66A90062B78B /* UIColor.swift in Sources */ = {isa = PBXBuildFile; fileRef = 22330ADA266F66A90062B78B /* UIColor.swift */; };
		223F4A052671C3F3007E9C77 /* TMONBlack.ttf in Resources */ = {isa = PBXBuildFile; fileRef = 223F4A042671C3F2007E9C77 /* TMONBlack.ttf */; };
		225BA79B26710B9700BCA2B8 /* OctoKit in Frameworks */ = {isa = PBXBuildFile; productRef = 225BA79A26710B9700BCA2B8 /* OctoKit */; };
		225BA7A526710DCC00BCA2B8 /* GithubUser.swift in Sources */ = {isa = PBXBuildFile; fileRef = 225BA7A426710DCC00BCA2B8 /* GithubUser.swift */; };
		22780756266E0F4B0064B12D /* AppDelegate.swift in Sources */ = {isa = PBXBuildFile; fileRef = 22780755266E0F4B0064B12D /* AppDelegate.swift */; };
		22780758266E0F4B0064B12D /* SceneDelegate.swift in Sources */ = {isa = PBXBuildFile; fileRef = 22780757266E0F4B0064B12D /* SceneDelegate.swift */; };
		2278075A266E0F4B0064B12D /* OAuthViewController.swift in Sources */ = {isa = PBXBuildFile; fileRef = 22780759266E0F4B0064B12D /* OAuthViewController.swift */; };
		2278075D266E0F4B0064B12D /* Main.storyboard in Resources */ = {isa = PBXBuildFile; fileRef = 2278075B266E0F4B0064B12D /* Main.storyboard */; };
		2278075F266E0F510064B12D /* Assets.xcassets in Resources */ = {isa = PBXBuildFile; fileRef = 2278075E266E0F510064B12D /* Assets.xcassets */; };
		22780762266E0F510064B12D /* LaunchScreen.storyboard in Resources */ = {isa = PBXBuildFile; fileRef = 22780760266E0F510064B12D /* LaunchScreen.storyboard */; };
		2278076D266E0F510064B12D /* IssueTrackerTests.swift in Sources */ = {isa = PBXBuildFile; fileRef = 2278076C266E0F510064B12D /* IssueTrackerTests.swift */; };
		22780778266E0F510064B12D /* IssueTrackerUITests.swift in Sources */ = {isa = PBXBuildFile; fileRef = 22780777266E0F510064B12D /* IssueTrackerUITests.swift */; };
		2278078C266E10D40064B12D /* Alamofire in Frameworks */ = {isa = PBXBuildFile; productRef = 2278078B266E10D40064B12D /* Alamofire */; };
		22780795266E115E0064B12D /* ServerAPI.swift in Sources */ = {isa = PBXBuildFile; fileRef = 22780794266E115E0064B12D /* ServerAPI.swift */; };
		227EE2C52671102B008B02BB /* URL.swift in Sources */ = {isa = PBXBuildFile; fileRef = 227EE2C42671102B008B02BB /* URL.swift */; };
		227EE2CA2671143F008B02BB /* OAuthManager.swift in Sources */ = {isa = PBXBuildFile; fileRef = 227EE2C92671143F008B02BB /* OAuthManager.swift */; };
		229E79662670EAC1008B0E49 /* LabelCollectionViewCell.xib in Resources */ = {isa = PBXBuildFile; fileRef = 229E79652670EAC1008B0E49 /* LabelCollectionViewCell.xib */; };
		229E79742670FC8E008B0E49 /* CellLabel.swift in Sources */ = {isa = PBXBuildFile; fileRef = 229E79732670FC8E008B0E49 /* CellLabel.swift */; };
		229E797F2671073D008B0E49 /* LabelFlowLayout.swift in Sources */ = {isa = PBXBuildFile; fileRef = 229E797E2671073D008B0E49 /* LabelFlowLayout.swift */; };
		22A6CB3926707E130030F2AE /* LabelCollectionViewCell.swift in Sources */ = {isa = PBXBuildFile; fileRef = 22A6CB3726707E130030F2AE /* LabelCollectionViewCell.swift */; };
		22B28F142671BE6B001E74C1 /* danceAlert.json in Resources */ = {isa = PBXBuildFile; fileRef = 22B28F132671BE6B001E74C1 /* danceAlert.json */; };
		22E6D6BD26719C9900943003 /* AppleViewController.swift in Sources */ = {isa = PBXBuildFile; fileRef = 22E6D6BC26719C9900943003 /* AppleViewController.swift */; };
		22E6D6C92671B31000943003 /* IssueTrackerViewController.swift in Sources */ = {isa = PBXBuildFile; fileRef = 22E6D6C82671B31000943003 /* IssueTrackerViewController.swift */; };
		22E6D6DB2671BD0C00943003 /* Lottie in Frameworks */ = {isa = PBXBuildFile; productRef = 22E6D6DA2671BD0C00943003 /* Lottie */; };
		22FC5B7B26798F2100DC2794 /* IssueListCenter.swift in Sources */ = {isa = PBXBuildFile; fileRef = 22FC5B7A26798F2100DC2794 /* IssueListCenter.swift */; };
		22FC5B8B26799EA400DC2794 /* LabelViewController.swift in Sources */ = {isa = PBXBuildFile; fileRef = 22FC5B8A26799EA400DC2794 /* LabelViewController.swift */; };
		22FC5B912679A2A300DC2794 /* LabelListTableViewCell.swift in Sources */ = {isa = PBXBuildFile; fileRef = 22FC5B902679A2A300DC2794 /* LabelListTableViewCell.swift */; };
		22FC5B972679A42300DC2794 /* LabelDataCenter.swift in Sources */ = {isa = PBXBuildFile; fileRef = 22FC5B962679A42300DC2794 /* LabelDataCenter.swift */; };
		22FC5B9C2679A4C600DC2794 /* Label.swift in Sources */ = {isa = PBXBuildFile; fileRef = 22FC5B9B2679A4C600DC2794 /* Label.swift */; };
/* End PBXBuildFile section */

/* Begin PBXContainerItemProxy section */
		22780769266E0F510064B12D /* PBXContainerItemProxy */ = {
			isa = PBXContainerItemProxy;
			containerPortal = 2278074A266E0F4B0064B12D /* Project object */;
			proxyType = 1;
			remoteGlobalIDString = 22780751266E0F4B0064B12D;
			remoteInfo = IssueTracker;
		};
		22780774266E0F510064B12D /* PBXContainerItemProxy */ = {
			isa = PBXContainerItemProxy;
			containerPortal = 2278074A266E0F4B0064B12D /* Project object */;
			proxyType = 1;
			remoteGlobalIDString = 22780751266E0F4B0064B12D;
			remoteInfo = IssueTracker;
		};
/* End PBXContainerItemProxy section */

/* Begin PBXFileReference section */
		2205F70F2672468A00FA4F91 /* Issue.swift */ = {isa = PBXFileReference; lastKnownFileType = sourcecode.swift; path = Issue.swift; sourceTree = "<group>"; };
		2205F714267247EC00FA4F91 /* IssueLabel.swift */ = {isa = PBXFileReference; lastKnownFileType = sourcecode.swift; path = IssueLabel.swift; sourceTree = "<group>"; };
		2205F72226724DF900FA4F91 /* IssueListDataSource.swift */ = {isa = PBXFileReference; lastKnownFileType = sourcecode.swift; path = IssueListDataSource.swift; sourceTree = "<group>"; };
		2205F7282672504C00FA4F91 /* FilterViewController.swift */ = {isa = PBXFileReference; lastKnownFileType = sourcecode.swift; path = FilterViewController.swift; sourceTree = "<group>"; };
		2205F72E267255E300FA4F91 /* FilterStatus.swift */ = {isa = PBXFileReference; lastKnownFileType = sourcecode.swift; path = FilterStatus.swift; sourceTree = "<group>"; };
		221E95A42679CC29007B7180 /* MilestoneViewController.swift */ = {isa = PBXFileReference; lastKnownFileType = sourcecode.swift; path = MilestoneViewController.swift; sourceTree = "<group>"; };
		221E95B02679CCBD007B7180 /* MilestoneDataCenter.swift */ = {isa = PBXFileReference; lastKnownFileType = sourcecode.swift; path = MilestoneDataCenter.swift; sourceTree = "<group>"; };
		221E95B62679CD5A007B7180 /* MilestoneTableViewCell.swift */ = {isa = PBXFileReference; lastKnownFileType = sourcecode.swift; path = MilestoneTableViewCell.swift; sourceTree = "<group>"; };
		22330AC4266F13FD0062B78B /* IssueListViewController.swift */ = {isa = PBXFileReference; lastKnownFileType = sourcecode.swift; path = IssueListViewController.swift; sourceTree = "<group>"; };
		22330AC9266F4BF40062B78B /* IssueListTableViewCell.swift */ = {isa = PBXFileReference; lastKnownFileType = sourcecode.swift; path = IssueListTableViewCell.swift; sourceTree = "<group>"; };
		22330AD2266F58FB0062B78B /* NSObject+ClassNameProtocol.swift */ = {isa = PBXFileReference; lastKnownFileType = sourcecode.swift; path = "NSObject+ClassNameProtocol.swift"; sourceTree = "<group>"; };
		22330ADA266F66A90062B78B /* UIColor.swift */ = {isa = PBXFileReference; lastKnownFileType = sourcecode.swift; path = UIColor.swift; sourceTree = "<group>"; };
		223F4A042671C3F2007E9C77 /* TMONBlack.ttf */ = {isa = PBXFileReference; lastKnownFileType = file; path = TMONBlack.ttf; sourceTree = "<group>"; };
		225BA7A426710DCC00BCA2B8 /* GithubUser.swift */ = {isa = PBXFileReference; lastKnownFileType = sourcecode.swift; path = GithubUser.swift; sourceTree = "<group>"; };
		22780752266E0F4B0064B12D /* IssueTracker.app */ = {isa = PBXFileReference; explicitFileType = wrapper.application; includeInIndex = 0; path = IssueTracker.app; sourceTree = BUILT_PRODUCTS_DIR; };
		22780755266E0F4B0064B12D /* AppDelegate.swift */ = {isa = PBXFileReference; lastKnownFileType = sourcecode.swift; path = AppDelegate.swift; sourceTree = "<group>"; };
		22780757266E0F4B0064B12D /* SceneDelegate.swift */ = {isa = PBXFileReference; lastKnownFileType = sourcecode.swift; path = SceneDelegate.swift; sourceTree = "<group>"; };
		22780759266E0F4B0064B12D /* OAuthViewController.swift */ = {isa = PBXFileReference; lastKnownFileType = sourcecode.swift; path = OAuthViewController.swift; sourceTree = "<group>"; };
		2278075C266E0F4B0064B12D /* Base */ = {isa = PBXFileReference; lastKnownFileType = file.storyboard; name = Base; path = Base.lproj/Main.storyboard; sourceTree = "<group>"; };
		2278075E266E0F510064B12D /* Assets.xcassets */ = {isa = PBXFileReference; lastKnownFileType = folder.assetcatalog; path = Assets.xcassets; sourceTree = "<group>"; };
		22780761266E0F510064B12D /* Base */ = {isa = PBXFileReference; lastKnownFileType = file.storyboard; name = Base; path = Base.lproj/LaunchScreen.storyboard; sourceTree = "<group>"; };
		22780763266E0F510064B12D /* Info.plist */ = {isa = PBXFileReference; lastKnownFileType = text.plist.xml; path = Info.plist; sourceTree = "<group>"; };
		22780768266E0F510064B12D /* IssueTrackerTests.xctest */ = {isa = PBXFileReference; explicitFileType = wrapper.cfbundle; includeInIndex = 0; path = IssueTrackerTests.xctest; sourceTree = BUILT_PRODUCTS_DIR; };
		2278076C266E0F510064B12D /* IssueTrackerTests.swift */ = {isa = PBXFileReference; lastKnownFileType = sourcecode.swift; path = IssueTrackerTests.swift; sourceTree = "<group>"; };
		2278076E266E0F510064B12D /* Info.plist */ = {isa = PBXFileReference; lastKnownFileType = text.plist.xml; path = Info.plist; sourceTree = "<group>"; };
		22780773266E0F510064B12D /* IssueTrackerUITests.xctest */ = {isa = PBXFileReference; explicitFileType = wrapper.cfbundle; includeInIndex = 0; path = IssueTrackerUITests.xctest; sourceTree = BUILT_PRODUCTS_DIR; };
		22780777266E0F510064B12D /* IssueTrackerUITests.swift */ = {isa = PBXFileReference; lastKnownFileType = sourcecode.swift; path = IssueTrackerUITests.swift; sourceTree = "<group>"; };
		22780779266E0F510064B12D /* Info.plist */ = {isa = PBXFileReference; lastKnownFileType = text.plist.xml; path = Info.plist; sourceTree = "<group>"; };
		22780794266E115E0064B12D /* ServerAPI.swift */ = {isa = PBXFileReference; lastKnownFileType = sourcecode.swift; path = ServerAPI.swift; sourceTree = "<group>"; };
		227EE2C42671102B008B02BB /* URL.swift */ = {isa = PBXFileReference; lastKnownFileType = sourcecode.swift; path = URL.swift; sourceTree = "<group>"; };
		227EE2C92671143F008B02BB /* OAuthManager.swift */ = {isa = PBXFileReference; lastKnownFileType = sourcecode.swift; path = OAuthManager.swift; sourceTree = "<group>"; };
		229E79652670EAC1008B0E49 /* LabelCollectionViewCell.xib */ = {isa = PBXFileReference; lastKnownFileType = file.xib; path = LabelCollectionViewCell.xib; sourceTree = "<group>"; };
		229E79732670FC8E008B0E49 /* CellLabel.swift */ = {isa = PBXFileReference; lastKnownFileType = sourcecode.swift; path = CellLabel.swift; sourceTree = "<group>"; };
		229E797E2671073D008B0E49 /* LabelFlowLayout.swift */ = {isa = PBXFileReference; lastKnownFileType = sourcecode.swift; path = LabelFlowLayout.swift; sourceTree = "<group>"; };
		22A6CB3726707E130030F2AE /* LabelCollectionViewCell.swift */ = {isa = PBXFileReference; lastKnownFileType = sourcecode.swift; path = LabelCollectionViewCell.swift; sourceTree = "<group>"; };
		22B28F132671BE6B001E74C1 /* danceAlert.json */ = {isa = PBXFileReference; fileEncoding = 4; lastKnownFileType = text.json; path = danceAlert.json; sourceTree = "<group>"; };
		22E6D6B82671931D00943003 /* IssueTracker.entitlements */ = {isa = PBXFileReference; lastKnownFileType = text.plist.entitlements; path = IssueTracker.entitlements; sourceTree = "<group>"; };
		22E6D6BC26719C9900943003 /* AppleViewController.swift */ = {isa = PBXFileReference; lastKnownFileType = sourcecode.swift; path = AppleViewController.swift; sourceTree = "<group>"; };
		22E6D6C82671B31000943003 /* IssueTrackerViewController.swift */ = {isa = PBXFileReference; lastKnownFileType = sourcecode.swift; path = IssueTrackerViewController.swift; sourceTree = "<group>"; };
		22FC5B7A26798F2100DC2794 /* IssueListCenter.swift */ = {isa = PBXFileReference; lastKnownFileType = sourcecode.swift; path = IssueListCenter.swift; sourceTree = "<group>"; };
		22FC5B8A26799EA400DC2794 /* LabelViewController.swift */ = {isa = PBXFileReference; lastKnownFileType = sourcecode.swift; path = LabelViewController.swift; sourceTree = "<group>"; };
		22FC5B902679A2A300DC2794 /* LabelListTableViewCell.swift */ = {isa = PBXFileReference; lastKnownFileType = sourcecode.swift; path = LabelListTableViewCell.swift; sourceTree = "<group>"; };
		22FC5B962679A42300DC2794 /* LabelDataCenter.swift */ = {isa = PBXFileReference; lastKnownFileType = sourcecode.swift; path = LabelDataCenter.swift; sourceTree = "<group>"; };
		22FC5B9B2679A4C600DC2794 /* Label.swift */ = {isa = PBXFileReference; lastKnownFileType = sourcecode.swift; path = Label.swift; sourceTree = "<group>"; };
/* End PBXFileReference section */

/* Begin PBXFrameworksBuildPhase section */
		2278074F266E0F4B0064B12D /* Frameworks */ = {
			isa = PBXFrameworksBuildPhase;
			buildActionMask = 2147483647;
			files = (
				225BA79B26710B9700BCA2B8 /* OctoKit in Frameworks */,
				2278078C266E10D40064B12D /* Alamofire in Frameworks */,
				22E6D6DB2671BD0C00943003 /* Lottie in Frameworks */,
			);
			runOnlyForDeploymentPostprocessing = 0;
		};
		22780765266E0F510064B12D /* Frameworks */ = {
			isa = PBXFrameworksBuildPhase;
			buildActionMask = 2147483647;
			files = (
			);
			runOnlyForDeploymentPostprocessing = 0;
		};
		22780770266E0F510064B12D /* Frameworks */ = {
			isa = PBXFrameworksBuildPhase;
			buildActionMask = 2147483647;
			files = (
			);
			runOnlyForDeploymentPostprocessing = 0;
		};
/* End PBXFrameworksBuildPhase section */

/* Begin PBXGroup section */
		2205F72726724F6300FA4F91 /* Filter */ = {
			isa = PBXGroup;
			children = (
				2205F7282672504C00FA4F91 /* FilterViewController.swift */,
				2205F72D267255AE00FA4F91 /* Model */,
			);
			path = Filter;
			sourceTree = "<group>";
		};
		2205F72D267255AE00FA4F91 /* Model */ = {
			isa = PBXGroup;
			children = (
				2205F72E267255E300FA4F91 /* FilterStatus.swift */,
			);
			path = Model;
			sourceTree = "<group>";
		};
		221E95A32679CBEB007B7180 /* Milestone */ = {
			isa = PBXGroup;
			children = (
				221E95A42679CC29007B7180 /* MilestoneViewController.swift */,
				221E95B52679CD2E007B7180 /* View */,
				221E95AC2679CC8E007B7180 /* Model */,
			);
			path = Milestone;
			sourceTree = "<group>";
		};
		221E95AC2679CC8E007B7180 /* Model */ = {
			isa = PBXGroup;
			children = (
				221E95B02679CCBD007B7180 /* MilestoneDataCenter.swift */,
			);
			path = Model;
			sourceTree = "<group>";
		};
		221E95B52679CD2E007B7180 /* View */ = {
			isa = PBXGroup;
			children = (
				221E95B62679CD5A007B7180 /* MilestoneTableViewCell.swift */,
			);
			path = View;
			sourceTree = "<group>";
		};
		22330ABC266F12EC0062B78B /* OAuth */ = {
			isa = PBXGroup;
			children = (
				22780759266E0F4B0064B12D /* OAuthViewController.swift */,
				229E798F267108FB008B0E49 /* Model */,
			);
			path = OAuth;
			sourceTree = "<group>";
		};
		22330AC0266F12F70062B78B /* IssueList */ = {
			isa = PBXGroup;
			children = (
				22330AC4266F13FD0062B78B /* IssueListViewController.swift */,
				22FC5B7926798F0100DC2794 /* Model */,
				229E7986267108E8008B0E49 /* View */,
			);
			path = IssueList;
			sourceTree = "<group>";
		};
		22330AD1266F58E30062B78B /* extension */ = {
			isa = PBXGroup;
			children = (
				22330AD2266F58FB0062B78B /* NSObject+ClassNameProtocol.swift */,
				22330ADA266F66A90062B78B /* UIColor.swift */,
				227EE2C42671102B008B02BB /* URL.swift */,
			);
			path = extension;
			sourceTree = "<group>";
		};
		225BA7A326710DA400BCA2B8 /* DTO */ = {
			isa = PBXGroup;
			children = (
				225BA7A426710DCC00BCA2B8 /* GithubUser.swift */,
				2205F70F2672468A00FA4F91 /* Issue.swift */,
				2205F714267247EC00FA4F91 /* IssueLabel.swift */,
				22FC5B9B2679A4C600DC2794 /* Label.swift */,
			);
			path = DTO;
			sourceTree = "<group>";
		};
		22780749266E0F4B0064B12D = {
			isa = PBXGroup;
			children = (
				22780754266E0F4B0064B12D /* IssueTracker */,
				2278076B266E0F510064B12D /* IssueTrackerTests */,
				22780776266E0F510064B12D /* IssueTrackerUITests */,
				22780753266E0F4B0064B12D /* Products */,
			);
			sourceTree = "<group>";
		};
		22780753266E0F4B0064B12D /* Products */ = {
			isa = PBXGroup;
			children = (
				22780752266E0F4B0064B12D /* IssueTracker.app */,
				22780768266E0F510064B12D /* IssueTrackerTests.xctest */,
				22780773266E0F510064B12D /* IssueTrackerUITests.xctest */,
			);
			name = Products;
			sourceTree = "<group>";
		};
		22780754266E0F4B0064B12D /* IssueTracker */ = {
			isa = PBXGroup;
			children = (
				22E6D6B82671931D00943003 /* IssueTracker.entitlements */,
				22B28F132671BE6B001E74C1 /* danceAlert.json */,
				223F4A042671C3F2007E9C77 /* TMONBlack.ttf */,
				22780755266E0F4B0064B12D /* AppDelegate.swift */,
				22780757266E0F4B0064B12D /* SceneDelegate.swift */,
				22330ABC266F12EC0062B78B /* OAuth */,
				22E6D6C72671B2DA00943003 /* TabBar */,
				22330AC0266F12F70062B78B /* IssueList */,
				2205F72726724F6300FA4F91 /* Filter */,
				22FC5B8626799E5600DC2794 /* LabelViewController */,
				221E95A32679CBEB007B7180 /* Milestone */,
				22780790266E10D80064B12D /* Network */,
				225BA7A326710DA400BCA2B8 /* DTO */,
				2278075B266E0F4B0064B12D /* Main.storyboard */,
				2278075E266E0F510064B12D /* Assets.xcassets */,
				22780760266E0F510064B12D /* LaunchScreen.storyboard */,
				22780763266E0F510064B12D /* Info.plist */,
				22E6D6BC26719C9900943003 /* AppleViewController.swift */,
				22330AD1266F58E30062B78B /* extension */,
			);
			path = IssueTracker;
			sourceTree = "<group>";
		};
		2278076B266E0F510064B12D /* IssueTrackerTests */ = {
			isa = PBXGroup;
			children = (
				2278076C266E0F510064B12D /* IssueTrackerTests.swift */,
				2278076E266E0F510064B12D /* Info.plist */,
			);
			path = IssueTrackerTests;
			sourceTree = "<group>";
		};
		22780776266E0F510064B12D /* IssueTrackerUITests */ = {
			isa = PBXGroup;
			children = (
				22780777266E0F510064B12D /* IssueTrackerUITests.swift */,
				22780779266E0F510064B12D /* Info.plist */,
			);
			path = IssueTrackerUITests;
			sourceTree = "<group>";
		};
		22780790266E10D80064B12D /* Network */ = {
			isa = PBXGroup;
			children = (
				22780794266E115E0064B12D /* ServerAPI.swift */,
			);
			path = Network;
			sourceTree = "<group>";
		};
		229E7986267108E8008B0E49 /* View */ = {
			isa = PBXGroup;
			children = (
				22330AC9266F4BF40062B78B /* IssueListTableViewCell.swift */,
				229E797E2671073D008B0E49 /* LabelFlowLayout.swift */,
				22A6CB3726707E130030F2AE /* LabelCollectionViewCell.swift */,
				229E79652670EAC1008B0E49 /* LabelCollectionViewCell.xib */,
				229E79732670FC8E008B0E49 /* CellLabel.swift */,
				2205F72226724DF900FA4F91 /* IssueListDataSource.swift */,
			);
			path = View;
			sourceTree = "<group>";
		};
		229E798F267108FB008B0E49 /* Model */ = {
			isa = PBXGroup;
			children = (
				227EE2C92671143F008B02BB /* OAuthManager.swift */,
			);
			path = Model;
			sourceTree = "<group>";
		};
		22E6D6C72671B2DA00943003 /* TabBar */ = {
			isa = PBXGroup;
			children = (
				22E6D6C82671B31000943003 /* IssueTrackerViewController.swift */,
			);
			path = TabBar;
			sourceTree = "<group>";
		};
		22FC5B7926798F0100DC2794 /* Model */ = {
			isa = PBXGroup;
			children = (
				22FC5B7A26798F2100DC2794 /* IssueListCenter.swift */,
			);
			path = Model;
			sourceTree = "<group>";
		};
		22FC5B8626799E5600DC2794 /* LabelViewController */ = {
			isa = PBXGroup;
			children = (
				22FC5B8A26799EA400DC2794 /* LabelViewController.swift */,
				22FC5B8F2679A28700DC2794 /* View */,
				22FC5B952679A3B500DC2794 /* Model */,
			);
			path = LabelViewController;
			sourceTree = "<group>";
		};
		22FC5B8F2679A28700DC2794 /* View */ = {
			isa = PBXGroup;
			children = (
				22FC5B902679A2A300DC2794 /* LabelListTableViewCell.swift */,
			);
			path = View;
			sourceTree = "<group>";
		};
		22FC5B952679A3B500DC2794 /* Model */ = {
			isa = PBXGroup;
			children = (
				22FC5B962679A42300DC2794 /* LabelDataCenter.swift */,
			);
			path = Model;
			sourceTree = "<group>";
		};
/* End PBXGroup section */

/* Begin PBXNativeTarget section */
		22780751266E0F4B0064B12D /* IssueTracker */ = {
			isa = PBXNativeTarget;
			buildConfigurationList = 2278077C266E0F510064B12D /* Build configuration list for PBXNativeTarget "IssueTracker" */;
			buildPhases = (
				2278074E266E0F4B0064B12D /* Sources */,
				2278074F266E0F4B0064B12D /* Frameworks */,
				22780750266E0F4B0064B12D /* Resources */,
			);
			buildRules = (
			);
			dependencies = (
			);
			name = IssueTracker;
			packageProductDependencies = (
				2278078B266E10D40064B12D /* Alamofire */,
				225BA79A26710B9700BCA2B8 /* OctoKit */,
				22E6D6DA2671BD0C00943003 /* Lottie */,
			);
			productName = IssueTracker;
			productReference = 22780752266E0F4B0064B12D /* IssueTracker.app */;
			productType = "com.apple.product-type.application";
		};
		22780767266E0F510064B12D /* IssueTrackerTests */ = {
			isa = PBXNativeTarget;
			buildConfigurationList = 2278077F266E0F510064B12D /* Build configuration list for PBXNativeTarget "IssueTrackerTests" */;
			buildPhases = (
				22780764266E0F510064B12D /* Sources */,
				22780765266E0F510064B12D /* Frameworks */,
				22780766266E0F510064B12D /* Resources */,
			);
			buildRules = (
			);
			dependencies = (
				2278076A266E0F510064B12D /* PBXTargetDependency */,
			);
			name = IssueTrackerTests;
			productName = IssueTrackerTests;
			productReference = 22780768266E0F510064B12D /* IssueTrackerTests.xctest */;
			productType = "com.apple.product-type.bundle.unit-test";
		};
		22780772266E0F510064B12D /* IssueTrackerUITests */ = {
			isa = PBXNativeTarget;
			buildConfigurationList = 22780782266E0F510064B12D /* Build configuration list for PBXNativeTarget "IssueTrackerUITests" */;
			buildPhases = (
				2278076F266E0F510064B12D /* Sources */,
				22780770266E0F510064B12D /* Frameworks */,
				22780771266E0F510064B12D /* Resources */,
			);
			buildRules = (
			);
			dependencies = (
				22780775266E0F510064B12D /* PBXTargetDependency */,
			);
			name = IssueTrackerUITests;
			productName = IssueTrackerUITests;
			productReference = 22780773266E0F510064B12D /* IssueTrackerUITests.xctest */;
			productType = "com.apple.product-type.bundle.ui-testing";
		};
/* End PBXNativeTarget section */

/* Begin PBXProject section */
		2278074A266E0F4B0064B12D /* Project object */ = {
			isa = PBXProject;
			attributes = {
				LastSwiftUpdateCheck = 1240;
				LastUpgradeCheck = 1240;
				TargetAttributes = {
					22780751266E0F4B0064B12D = {
						CreatedOnToolsVersion = 12.4;
					};
					22780767266E0F510064B12D = {
						CreatedOnToolsVersion = 12.4;
						TestTargetID = 22780751266E0F4B0064B12D;
					};
					22780772266E0F510064B12D = {
						CreatedOnToolsVersion = 12.4;
						TestTargetID = 22780751266E0F4B0064B12D;
					};
				};
			};
			buildConfigurationList = 2278074D266E0F4B0064B12D /* Build configuration list for PBXProject "IssueTracker" */;
			compatibilityVersion = "Xcode 9.3";
			developmentRegion = en;
			hasScannedForEncodings = 0;
			knownRegions = (
				en,
				Base,
			);
			mainGroup = 22780749266E0F4B0064B12D;
			packageReferences = (
				2278078A266E10D40064B12D /* XCRemoteSwiftPackageReference "Alamofire" */,
				225BA79926710B9700BCA2B8 /* XCRemoteSwiftPackageReference "octokit" */,
				22E6D6D92671BD0C00943003 /* XCRemoteSwiftPackageReference "lottie-ios" */,
			);
			productRefGroup = 22780753266E0F4B0064B12D /* Products */;
			projectDirPath = "";
			projectRoot = "";
			targets = (
				22780751266E0F4B0064B12D /* IssueTracker */,
				22780767266E0F510064B12D /* IssueTrackerTests */,
				22780772266E0F510064B12D /* IssueTrackerUITests */,
			);
		};
/* End PBXProject section */

/* Begin PBXResourcesBuildPhase section */
		22780750266E0F4B0064B12D /* Resources */ = {
			isa = PBXResourcesBuildPhase;
			buildActionMask = 2147483647;
			files = (
				223F4A052671C3F3007E9C77 /* TMONBlack.ttf in Resources */,
				22780762266E0F510064B12D /* LaunchScreen.storyboard in Resources */,
				2278075F266E0F510064B12D /* Assets.xcassets in Resources */,
				2278075D266E0F4B0064B12D /* Main.storyboard in Resources */,
				229E79662670EAC1008B0E49 /* LabelCollectionViewCell.xib in Resources */,
				22B28F142671BE6B001E74C1 /* danceAlert.json in Resources */,
			);
			runOnlyForDeploymentPostprocessing = 0;
		};
		22780766266E0F510064B12D /* Resources */ = {
			isa = PBXResourcesBuildPhase;
			buildActionMask = 2147483647;
			files = (
			);
			runOnlyForDeploymentPostprocessing = 0;
		};
		22780771266E0F510064B12D /* Resources */ = {
			isa = PBXResourcesBuildPhase;
			buildActionMask = 2147483647;
			files = (
			);
			runOnlyForDeploymentPostprocessing = 0;
		};
/* End PBXResourcesBuildPhase section */

/* Begin PBXSourcesBuildPhase section */
		2278074E266E0F4B0064B12D /* Sources */ = {
			isa = PBXSourcesBuildPhase;
			buildActionMask = 2147483647;
			files = (
				22330AD3266F58FB0062B78B /* NSObject+ClassNameProtocol.swift in Sources */,
				2205F7102672468A00FA4F91 /* Issue.swift in Sources */,
				227EE2CA2671143F008B02BB /* OAuthManager.swift in Sources */,
				221E95A52679CC29007B7180 /* MilestoneViewController.swift in Sources */,
				22E6D6BD26719C9900943003 /* AppleViewController.swift in Sources */,
				2205F715267247EC00FA4F91 /* IssueLabel.swift in Sources */,
				225BA7A526710DCC00BCA2B8 /* GithubUser.swift in Sources */,
				22FC5B912679A2A300DC2794 /* LabelListTableViewCell.swift in Sources */,
				2278075A266E0F4B0064B12D /* OAuthViewController.swift in Sources */,
				22780756266E0F4B0064B12D /* AppDelegate.swift in Sources */,
				2205F72326724DF900FA4F91 /* IssueListDataSource.swift in Sources */,
				229E797F2671073D008B0E49 /* LabelFlowLayout.swift in Sources */,
				227EE2C52671102B008B02BB /* URL.swift in Sources */,
				22A6CB3926707E130030F2AE /* LabelCollectionViewCell.swift in Sources */,
				22330AC5266F13FD0062B78B /* IssueListViewController.swift in Sources */,
				22FC5B8B26799EA400DC2794 /* LabelViewController.swift in Sources */,
				22330ACA266F4BF40062B78B /* IssueListTableViewCell.swift in Sources */,
				221E95B72679CD5A007B7180 /* MilestoneTableViewCell.swift in Sources */,
				2205F7292672504C00FA4F91 /* FilterViewController.swift in Sources */,
				22330ADB266F66A90062B78B /* UIColor.swift in Sources */,
				22FC5B9C2679A4C600DC2794 /* Label.swift in Sources */,
				22780758266E0F4B0064B12D /* SceneDelegate.swift in Sources */,
				2205F72F267255E300FA4F91 /* FilterStatus.swift in Sources */,
				22FC5B7B26798F2100DC2794 /* IssueListCenter.swift in Sources */,
				229E79742670FC8E008B0E49 /* CellLabel.swift in Sources */,
				22E6D6C92671B31000943003 /* IssueTrackerViewController.swift in Sources */,
				22780795266E115E0064B12D /* ServerAPI.swift in Sources */,
				22FC5B972679A42300DC2794 /* LabelDataCenter.swift in Sources */,
				221E95B12679CCBD007B7180 /* MilestoneDataCenter.swift in Sources */,
			);
			runOnlyForDeploymentPostprocessing = 0;
		};
		22780764266E0F510064B12D /* Sources */ = {
			isa = PBXSourcesBuildPhase;
			buildActionMask = 2147483647;
			files = (
				2278076D266E0F510064B12D /* IssueTrackerTests.swift in Sources */,
			);
			runOnlyForDeploymentPostprocessing = 0;
		};
		2278076F266E0F510064B12D /* Sources */ = {
			isa = PBXSourcesBuildPhase;
			buildActionMask = 2147483647;
			files = (
				22780778266E0F510064B12D /* IssueTrackerUITests.swift in Sources */,
			);
			runOnlyForDeploymentPostprocessing = 0;
		};
/* End PBXSourcesBuildPhase section */

/* Begin PBXTargetDependency section */
		2278076A266E0F510064B12D /* PBXTargetDependency */ = {
			isa = PBXTargetDependency;
			target = 22780751266E0F4B0064B12D /* IssueTracker */;
			targetProxy = 22780769266E0F510064B12D /* PBXContainerItemProxy */;
		};
		22780775266E0F510064B12D /* PBXTargetDependency */ = {
			isa = PBXTargetDependency;
			target = 22780751266E0F4B0064B12D /* IssueTracker */;
			targetProxy = 22780774266E0F510064B12D /* PBXContainerItemProxy */;
		};
/* End PBXTargetDependency section */

/* Begin PBXVariantGroup section */
		2278075B266E0F4B0064B12D /* Main.storyboard */ = {
			isa = PBXVariantGroup;
			children = (
				2278075C266E0F4B0064B12D /* Base */,
			);
			name = Main.storyboard;
			sourceTree = "<group>";
		};
		22780760266E0F510064B12D /* LaunchScreen.storyboard */ = {
			isa = PBXVariantGroup;
			children = (
				22780761266E0F510064B12D /* Base */,
			);
			name = LaunchScreen.storyboard;
			sourceTree = "<group>";
		};
/* End PBXVariantGroup section */

/* Begin XCBuildConfiguration section */
		2278077A266E0F510064B12D /* Debug */ = {
			isa = XCBuildConfiguration;
			buildSettings = {
				ALWAYS_SEARCH_USER_PATHS = NO;
				CLANG_ANALYZER_NONNULL = YES;
				CLANG_ANALYZER_NUMBER_OBJECT_CONVERSION = YES_AGGRESSIVE;
				CLANG_CXX_LANGUAGE_STANDARD = "gnu++14";
				CLANG_CXX_LIBRARY = "libc++";
				CLANG_ENABLE_MODULES = YES;
				CLANG_ENABLE_OBJC_ARC = YES;
				CLANG_ENABLE_OBJC_WEAK = YES;
				CLANG_WARN_BLOCK_CAPTURE_AUTORELEASING = YES;
				CLANG_WARN_BOOL_CONVERSION = YES;
				CLANG_WARN_COMMA = YES;
				CLANG_WARN_CONSTANT_CONVERSION = YES;
				CLANG_WARN_DEPRECATED_OBJC_IMPLEMENTATIONS = YES;
				CLANG_WARN_DIRECT_OBJC_ISA_USAGE = YES_ERROR;
				CLANG_WARN_DOCUMENTATION_COMMENTS = YES;
				CLANG_WARN_EMPTY_BODY = YES;
				CLANG_WARN_ENUM_CONVERSION = YES;
				CLANG_WARN_INFINITE_RECURSION = YES;
				CLANG_WARN_INT_CONVERSION = YES;
				CLANG_WARN_NON_LITERAL_NULL_CONVERSION = YES;
				CLANG_WARN_OBJC_IMPLICIT_RETAIN_SELF = YES;
				CLANG_WARN_OBJC_LITERAL_CONVERSION = YES;
				CLANG_WARN_OBJC_ROOT_CLASS = YES_ERROR;
				CLANG_WARN_QUOTED_INCLUDE_IN_FRAMEWORK_HEADER = YES;
				CLANG_WARN_RANGE_LOOP_ANALYSIS = YES;
				CLANG_WARN_STRICT_PROTOTYPES = YES;
				CLANG_WARN_SUSPICIOUS_MOVE = YES;
				CLANG_WARN_UNGUARDED_AVAILABILITY = YES_AGGRESSIVE;
				CLANG_WARN_UNREACHABLE_CODE = YES;
				CLANG_WARN__DUPLICATE_METHOD_MATCH = YES;
				COPY_PHASE_STRIP = NO;
				DEBUG_INFORMATION_FORMAT = dwarf;
				ENABLE_STRICT_OBJC_MSGSEND = YES;
				ENABLE_TESTABILITY = YES;
				GCC_C_LANGUAGE_STANDARD = gnu11;
				GCC_DYNAMIC_NO_PIC = NO;
				GCC_NO_COMMON_BLOCKS = YES;
				GCC_OPTIMIZATION_LEVEL = 0;
				GCC_PREPROCESSOR_DEFINITIONS = (
					"DEBUG=1",
					"$(inherited)",
				);
				GCC_WARN_64_TO_32_BIT_CONVERSION = YES;
				GCC_WARN_ABOUT_RETURN_TYPE = YES_ERROR;
				GCC_WARN_UNDECLARED_SELECTOR = YES;
				GCC_WARN_UNINITIALIZED_AUTOS = YES_AGGRESSIVE;
				GCC_WARN_UNUSED_FUNCTION = YES;
				GCC_WARN_UNUSED_VARIABLE = YES;
				IPHONEOS_DEPLOYMENT_TARGET = 14.4;
				MTL_ENABLE_DEBUG_INFO = INCLUDE_SOURCE;
				MTL_FAST_MATH = YES;
				ONLY_ACTIVE_ARCH = YES;
				SDKROOT = iphoneos;
				SWIFT_ACTIVE_COMPILATION_CONDITIONS = DEBUG;
				SWIFT_OPTIMIZATION_LEVEL = "-Onone";
			};
			name = Debug;
		};
		2278077B266E0F510064B12D /* Release */ = {
			isa = XCBuildConfiguration;
			buildSettings = {
				ALWAYS_SEARCH_USER_PATHS = NO;
				CLANG_ANALYZER_NONNULL = YES;
				CLANG_ANALYZER_NUMBER_OBJECT_CONVERSION = YES_AGGRESSIVE;
				CLANG_CXX_LANGUAGE_STANDARD = "gnu++14";
				CLANG_CXX_LIBRARY = "libc++";
				CLANG_ENABLE_MODULES = YES;
				CLANG_ENABLE_OBJC_ARC = YES;
				CLANG_ENABLE_OBJC_WEAK = YES;
				CLANG_WARN_BLOCK_CAPTURE_AUTORELEASING = YES;
				CLANG_WARN_BOOL_CONVERSION = YES;
				CLANG_WARN_COMMA = YES;
				CLANG_WARN_CONSTANT_CONVERSION = YES;
				CLANG_WARN_DEPRECATED_OBJC_IMPLEMENTATIONS = YES;
				CLANG_WARN_DIRECT_OBJC_ISA_USAGE = YES_ERROR;
				CLANG_WARN_DOCUMENTATION_COMMENTS = YES;
				CLANG_WARN_EMPTY_BODY = YES;
				CLANG_WARN_ENUM_CONVERSION = YES;
				CLANG_WARN_INFINITE_RECURSION = YES;
				CLANG_WARN_INT_CONVERSION = YES;
				CLANG_WARN_NON_LITERAL_NULL_CONVERSION = YES;
				CLANG_WARN_OBJC_IMPLICIT_RETAIN_SELF = YES;
				CLANG_WARN_OBJC_LITERAL_CONVERSION = YES;
				CLANG_WARN_OBJC_ROOT_CLASS = YES_ERROR;
				CLANG_WARN_QUOTED_INCLUDE_IN_FRAMEWORK_HEADER = YES;
				CLANG_WARN_RANGE_LOOP_ANALYSIS = YES;
				CLANG_WARN_STRICT_PROTOTYPES = YES;
				CLANG_WARN_SUSPICIOUS_MOVE = YES;
				CLANG_WARN_UNGUARDED_AVAILABILITY = YES_AGGRESSIVE;
				CLANG_WARN_UNREACHABLE_CODE = YES;
				CLANG_WARN__DUPLICATE_METHOD_MATCH = YES;
				COPY_PHASE_STRIP = NO;
				DEBUG_INFORMATION_FORMAT = "dwarf-with-dsym";
				ENABLE_NS_ASSERTIONS = NO;
				ENABLE_STRICT_OBJC_MSGSEND = YES;
				GCC_C_LANGUAGE_STANDARD = gnu11;
				GCC_NO_COMMON_BLOCKS = YES;
				GCC_WARN_64_TO_32_BIT_CONVERSION = YES;
				GCC_WARN_ABOUT_RETURN_TYPE = YES_ERROR;
				GCC_WARN_UNDECLARED_SELECTOR = YES;
				GCC_WARN_UNINITIALIZED_AUTOS = YES_AGGRESSIVE;
				GCC_WARN_UNUSED_FUNCTION = YES;
				GCC_WARN_UNUSED_VARIABLE = YES;
				IPHONEOS_DEPLOYMENT_TARGET = 14.4;
				MTL_ENABLE_DEBUG_INFO = NO;
				MTL_FAST_MATH = YES;
				SDKROOT = iphoneos;
				SWIFT_COMPILATION_MODE = wholemodule;
				SWIFT_OPTIMIZATION_LEVEL = "-O";
				VALIDATE_PRODUCT = YES;
			};
			name = Release;
		};
		2278077D266E0F510064B12D /* Debug */ = {
			isa = XCBuildConfiguration;
			buildSettings = {
				ASSETCATALOG_COMPILER_APPICON_NAME = AppIcon;
				ASSETCATALOG_COMPILER_GLOBAL_ACCENT_COLOR_NAME = AccentColor;
				CODE_SIGN_ENTITLEMENTS = IssueTracker/IssueTracker.entitlements;
				CODE_SIGN_STYLE = Automatic;
				INFOPLIST_FILE = IssueTracker/Info.plist;
				LD_RUNPATH_SEARCH_PATHS = (
					"$(inherited)",
					"@executable_path/Frameworks",
				);
				PRODUCT_BUNDLE_IDENTIFIER = kr.maylily.IssueTracker;
				PRODUCT_NAME = "$(TARGET_NAME)";
				SWIFT_VERSION = 5.0;
				TARGETED_DEVICE_FAMILY = "1,2";
			};
			name = Debug;
		};
		2278077E266E0F510064B12D /* Release */ = {
			isa = XCBuildConfiguration;
			buildSettings = {
				ASSETCATALOG_COMPILER_APPICON_NAME = AppIcon;
				ASSETCATALOG_COMPILER_GLOBAL_ACCENT_COLOR_NAME = AccentColor;
				CODE_SIGN_ENTITLEMENTS = IssueTracker/IssueTracker.entitlements;
				CODE_SIGN_STYLE = Automatic;
				INFOPLIST_FILE = IssueTracker/Info.plist;
				LD_RUNPATH_SEARCH_PATHS = (
					"$(inherited)",
					"@executable_path/Frameworks",
				);
				PRODUCT_BUNDLE_IDENTIFIER = kr.maylily.IssueTracker;
				PRODUCT_NAME = "$(TARGET_NAME)";
				SWIFT_VERSION = 5.0;
				TARGETED_DEVICE_FAMILY = "1,2";
			};
			name = Release;
		};
		22780780266E0F510064B12D /* Debug */ = {
			isa = XCBuildConfiguration;
			buildSettings = {
				ALWAYS_EMBED_SWIFT_STANDARD_LIBRARIES = YES;
				BUNDLE_LOADER = "$(TEST_HOST)";
				CODE_SIGN_STYLE = Automatic;
				INFOPLIST_FILE = IssueTrackerTests/Info.plist;
				IPHONEOS_DEPLOYMENT_TARGET = 14.4;
				LD_RUNPATH_SEARCH_PATHS = (
					"$(inherited)",
					"@executable_path/Frameworks",
					"@loader_path/Frameworks",
				);
				PRODUCT_BUNDLE_IDENTIFIER = kr.maylily.IssueTrackerTests;
				PRODUCT_NAME = "$(TARGET_NAME)";
				SWIFT_VERSION = 5.0;
				TARGETED_DEVICE_FAMILY = "1,2";
				TEST_HOST = "$(BUILT_PRODUCTS_DIR)/IssueTracker.app/IssueTracker";
			};
			name = Debug;
		};
		22780781266E0F510064B12D /* Release */ = {
			isa = XCBuildConfiguration;
			buildSettings = {
				ALWAYS_EMBED_SWIFT_STANDARD_LIBRARIES = YES;
				BUNDLE_LOADER = "$(TEST_HOST)";
				CODE_SIGN_STYLE = Automatic;
				INFOPLIST_FILE = IssueTrackerTests/Info.plist;
				IPHONEOS_DEPLOYMENT_TARGET = 14.4;
				LD_RUNPATH_SEARCH_PATHS = (
					"$(inherited)",
					"@executable_path/Frameworks",
					"@loader_path/Frameworks",
				);
				PRODUCT_BUNDLE_IDENTIFIER = kr.maylily.IssueTrackerTests;
				PRODUCT_NAME = "$(TARGET_NAME)";
				SWIFT_VERSION = 5.0;
				TARGETED_DEVICE_FAMILY = "1,2";
				TEST_HOST = "$(BUILT_PRODUCTS_DIR)/IssueTracker.app/IssueTracker";
			};
			name = Release;
		};
		22780783266E0F510064B12D /* Debug */ = {
			isa = XCBuildConfiguration;
			buildSettings = {
				ALWAYS_EMBED_SWIFT_STANDARD_LIBRARIES = YES;
				CODE_SIGN_STYLE = Automatic;
				INFOPLIST_FILE = IssueTrackerUITests/Info.plist;
				LD_RUNPATH_SEARCH_PATHS = (
					"$(inherited)",
					"@executable_path/Frameworks",
					"@loader_path/Frameworks",
				);
				PRODUCT_BUNDLE_IDENTIFIER = kr.maylily.IssueTrackerUITests;
				PRODUCT_NAME = "$(TARGET_NAME)";
				SWIFT_VERSION = 5.0;
				TARGETED_DEVICE_FAMILY = "1,2";
				TEST_TARGET_NAME = IssueTracker;
			};
			name = Debug;
		};
		22780784266E0F510064B12D /* Release */ = {
			isa = XCBuildConfiguration;
			buildSettings = {
				ALWAYS_EMBED_SWIFT_STANDARD_LIBRARIES = YES;
				CODE_SIGN_STYLE = Automatic;
				INFOPLIST_FILE = IssueTrackerUITests/Info.plist;
				LD_RUNPATH_SEARCH_PATHS = (
					"$(inherited)",
					"@executable_path/Frameworks",
					"@loader_path/Frameworks",
				);
				PRODUCT_BUNDLE_IDENTIFIER = kr.maylily.IssueTrackerUITests;
				PRODUCT_NAME = "$(TARGET_NAME)";
				SWIFT_VERSION = 5.0;
				TARGETED_DEVICE_FAMILY = "1,2";
				TEST_TARGET_NAME = IssueTracker;
			};
			name = Release;
		};
/* End XCBuildConfiguration section */

/* Begin XCConfigurationList section */
		2278074D266E0F4B0064B12D /* Build configuration list for PBXProject "IssueTracker" */ = {
			isa = XCConfigurationList;
			buildConfigurations = (
				2278077A266E0F510064B12D /* Debug */,
				2278077B266E0F510064B12D /* Release */,
			);
			defaultConfigurationIsVisible = 0;
			defaultConfigurationName = Release;
		};
		2278077C266E0F510064B12D /* Build configuration list for PBXNativeTarget "IssueTracker" */ = {
			isa = XCConfigurationList;
			buildConfigurations = (
				2278077D266E0F510064B12D /* Debug */,
				2278077E266E0F510064B12D /* Release */,
			);
			defaultConfigurationIsVisible = 0;
			defaultConfigurationName = Release;
		};
		2278077F266E0F510064B12D /* Build configuration list for PBXNativeTarget "IssueTrackerTests" */ = {
			isa = XCConfigurationList;
			buildConfigurations = (
				22780780266E0F510064B12D /* Debug */,
				22780781266E0F510064B12D /* Release */,
			);
			defaultConfigurationIsVisible = 0;
			defaultConfigurationName = Release;
		};
		22780782266E0F510064B12D /* Build configuration list for PBXNativeTarget "IssueTrackerUITests" */ = {
			isa = XCConfigurationList;
			buildConfigurations = (
				22780783266E0F510064B12D /* Debug */,
				22780784266E0F510064B12D /* Release */,
			);
			defaultConfigurationIsVisible = 0;
			defaultConfigurationName = Release;
		};
/* End XCConfigurationList section */

/* Begin XCRemoteSwiftPackageReference section */
		225BA79926710B9700BCA2B8 /* XCRemoteSwiftPackageReference "octokit" */ = {
			isa = XCRemoteSwiftPackageReference;
			repositoryURL = "https://github.com/nerdishbynature/octokit.swift";
			requirement = {
				kind = upToNextMajorVersion;
				minimumVersion = 0.11.0;
			};
		};
		2278078A266E10D40064B12D /* XCRemoteSwiftPackageReference "Alamofire" */ = {
			isa = XCRemoteSwiftPackageReference;
			repositoryURL = "https://github.com/Alamofire/Alamofire";
			requirement = {
				kind = upToNextMajorVersion;
				minimumVersion = 5.4.3;
			};
		};
		22E6D6D92671BD0C00943003 /* XCRemoteSwiftPackageReference "lottie-ios" */ = {
			isa = XCRemoteSwiftPackageReference;
			repositoryURL = "https://github.com/airbnb/lottie-ios";
			requirement = {
				kind = upToNextMajorVersion;
				minimumVersion = 3.2.3;
			};
		};
/* End XCRemoteSwiftPackageReference section */

/* Begin XCSwiftPackageProductDependency section */
		225BA79A26710B9700BCA2B8 /* OctoKit */ = {
			isa = XCSwiftPackageProductDependency;
			package = 225BA79926710B9700BCA2B8 /* XCRemoteSwiftPackageReference "octokit" */;
			productName = OctoKit;
		};
		2278078B266E10D40064B12D /* Alamofire */ = {
			isa = XCSwiftPackageProductDependency;
			package = 2278078A266E10D40064B12D /* XCRemoteSwiftPackageReference "Alamofire" */;
			productName = Alamofire;
		};
		22E6D6DA2671BD0C00943003 /* Lottie */ = {
			isa = XCSwiftPackageProductDependency;
			package = 22E6D6D92671BD0C00943003 /* XCRemoteSwiftPackageReference "lottie-ios" */;
			productName = Lottie;
		};
/* End XCSwiftPackageProductDependency section */
	};
	rootObject = 2278074A266E0F4B0064B12D /* Project object */;
}
